// !$*UTF8*$!
{
	archiveVersion = 1;
	classes = {
	};
	objectVersion = 55;
	objects = {

/* Begin PBXBuildFile section */
		044FC562288129490065FE8A /* OrangeTestApp_App.swift in Sources */ = {isa = PBXBuildFile; fileRef = 044FC561288129490065FE8A /* OrangeTestApp_App.swift */; };
		044FC5692881294B0065FE8A /* Preview Assets.xcassets in Resources */ = {isa = PBXBuildFile; fileRef = 044FC5682881294B0065FE8A /* Preview Assets.xcassets */; };
		044FC572288129AB0065FE8A /* Rocket.swift in Sources */ = {isa = PBXBuildFile; fileRef = 044FC570288129AB0065FE8A /* Rocket.swift */; };
		044FC573288129AB0065FE8A /* Launch.swift in Sources */ = {isa = PBXBuildFile; fileRef = 044FC571288129AB0065FE8A /* Launch.swift */; };
		044FC577288129BA0065FE8A /* AppSidebarNavigation.swift in Sources */ = {isa = PBXBuildFile; fileRef = 044FC575288129BA0065FE8A /* AppSidebarNavigation.swift */; };
		044FC578288129BA0065FE8A /* ContentView.swift in Sources */ = {isa = PBXBuildFile; fileRef = 044FC576288129BA0065FE8A /* ContentView.swift */; };
		044FC57C288129C70065FE8A /* ClickableDate.swift in Sources */ = {isa = PBXBuildFile; fileRef = 044FC57A288129C70065FE8A /* ClickableDate.swift */; };
		044FC57D288129C70065FE8A /* LaunchRow.swift in Sources */ = {isa = PBXBuildFile; fileRef = 044FC57B288129C70065FE8A /* LaunchRow.swift */; };
		044FC581288129CF0065FE8A /* LaunchDetailView.swift in Sources */ = {isa = PBXBuildFile; fileRef = 044FC57F288129CF0065FE8A /* LaunchDetailView.swift */; };
		044FC582288129CF0065FE8A /* LaunchesView.swift in Sources */ = {isa = PBXBuildFile; fileRef = 044FC580288129CF0065FE8A /* LaunchesView.swift */; };
		044FC58928812A130065FE8A /* API.swift in Sources */ = {isa = PBXBuildFile; fileRef = 044FC58328812A130065FE8A /* API.swift */; };
		044FC58A28812A130065FE8A /* Store.swift in Sources */ = {isa = PBXBuildFile; fileRef = 044FC58428812A130065FE8A /* Store.swift */; };
		044FC58B28812A130065FE8A /* Utils.swift in Sources */ = {isa = PBXBuildFile; fileRef = 044FC58528812A130065FE8A /* Utils.swift */; };
		044FC58D28812A130065FE8A /* Assets.xcassets in Resources */ = {isa = PBXBuildFile; fileRef = 044FC58728812A130065FE8A /* Assets.xcassets */; };
		044FC58E28812A130065FE8A /* LaunchesViewModel.swift in Sources */ = {isa = PBXBuildFile; fileRef = 044FC58828812A130065FE8A /* LaunchesViewModel.swift */; };
		044FC59428812B0F0065FE8A /* YouTubePlayerKit in Frameworks */ = {isa = PBXBuildFile; productRef = 044FC59328812B0F0065FE8A /* YouTubePlayerKit */; };
		044FC59A28812DEF0065FE8A /* Kingfisher in Frameworks */ = {isa = PBXBuildFile; productRef = 044FC59928812DEF0065FE8A /* Kingfisher */; };
/* End PBXBuildFile section */

/* Begin PBXFileReference section */
		044FC55E288129490065FE8A /* OrangeTestApp\.app */ = {isa = PBXFileReference; explicitFileType = wrapper.application; includeInIndex = 0; path = "OrangeTestApp\\.app"; sourceTree = BUILT_PRODUCTS_DIR; };
		044FC561288129490065FE8A /* OrangeTestApp_App.swift */ = {isa = PBXFileReference; lastKnownFileType = sourcecode.swift; path = OrangeTestApp_App.swift; sourceTree = "<group>"; };
		044FC5682881294B0065FE8A /* Preview Assets.xcassets */ = {isa = PBXFileReference; lastKnownFileType = folder.assetcatalog; path = "Preview Assets.xcassets"; sourceTree = "<group>"; };
		044FC570288129AB0065FE8A /* Rocket.swift */ = {isa = PBXFileReference; fileEncoding = 4; lastKnownFileType = sourcecode.swift; path = Rocket.swift; sourceTree = "<group>"; };
		044FC571288129AB0065FE8A /* Launch.swift */ = {isa = PBXFileReference; fileEncoding = 4; lastKnownFileType = sourcecode.swift; path = Launch.swift; sourceTree = "<group>"; };
		044FC575288129BA0065FE8A /* AppSidebarNavigation.swift */ = {isa = PBXFileReference; fileEncoding = 4; lastKnownFileType = sourcecode.swift; path = AppSidebarNavigation.swift; sourceTree = "<group>"; };
		044FC576288129BA0065FE8A /* ContentView.swift */ = {isa = PBXFileReference; fileEncoding = 4; lastKnownFileType = sourcecode.swift; path = ContentView.swift; sourceTree = "<group>"; };
		044FC57A288129C70065FE8A /* ClickableDate.swift */ = {isa = PBXFileReference; fileEncoding = 4; lastKnownFileType = sourcecode.swift; path = ClickableDate.swift; sourceTree = "<group>"; };
		044FC57B288129C70065FE8A /* LaunchRow.swift */ = {isa = PBXFileReference; fileEncoding = 4; lastKnownFileType = sourcecode.swift; path = LaunchRow.swift; sourceTree = "<group>"; };
		044FC57F288129CF0065FE8A /* LaunchDetailView.swift */ = {isa = PBXFileReference; fileEncoding = 4; lastKnownFileType = sourcecode.swift; path = LaunchDetailView.swift; sourceTree = "<group>"; };
		044FC580288129CF0065FE8A /* LaunchesView.swift */ = {isa = PBXFileReference; fileEncoding = 4; lastKnownFileType = sourcecode.swift; path = LaunchesView.swift; sourceTree = "<group>"; };
		044FC58328812A130065FE8A /* API.swift */ = {isa = PBXFileReference; fileEncoding = 4; lastKnownFileType = sourcecode.swift; path = API.swift; sourceTree = "<group>"; };
		044FC58428812A130065FE8A /* Store.swift */ = {isa = PBXFileReference; fileEncoding = 4; lastKnownFileType = sourcecode.swift; path = Store.swift; sourceTree = "<group>"; };
		044FC58528812A130065FE8A /* Utils.swift */ = {isa = PBXFileReference; fileEncoding = 4; lastKnownFileType = sourcecode.swift; path = Utils.swift; sourceTree = "<group>"; };
		044FC58728812A130065FE8A /* Assets.xcassets */ = {isa = PBXFileReference; lastKnownFileType = folder.assetcatalog; path = Assets.xcassets; sourceTree = "<group>"; };
		044FC58828812A130065FE8A /* LaunchesViewModel.swift */ = {isa = PBXFileReference; fileEncoding = 4; lastKnownFileType = sourcecode.swift; path = LaunchesViewModel.swift; sourceTree = "<group>"; };
/* End PBXFileReference section */

/* Begin PBXFrameworksBuildPhase section */
		044FC55B288129490065FE8A /* Frameworks */ = {
			isa = PBXFrameworksBuildPhase;
			buildActionMask = 2147483647;
			files = (
				044FC59A28812DEF0065FE8A /* Kingfisher in Frameworks */,
				044FC59428812B0F0065FE8A /* YouTubePlayerKit in Frameworks */,
			);
			runOnlyForDeploymentPostprocessing = 0;
		};
/* End PBXFrameworksBuildPhase section */

/* Begin PBXGroup section */
		044FC555288129490065FE8A = {
			isa = PBXGroup;
			children = (
				044FC560288129490065FE8A /* OrangeTestApp\ */,
				044FC55F288129490065FE8A /* Products */,
			);
			sourceTree = "<group>";
		};
		044FC55F288129490065FE8A /* Products */ = {
			isa = PBXGroup;
			children = (
				044FC55E288129490065FE8A /* OrangeTestApp\.app */,
			);
			name = Products;
			sourceTree = "<group>";
		};
		044FC560288129490065FE8A /* OrangeTestApp\ */ = {
			isa = PBXGroup;
			children = (
				044FC58328812A130065FE8A /* API.swift */,
				044FC58728812A130065FE8A /* Assets.xcassets */,
				044FC58828812A130065FE8A /* LaunchesViewModel.swift */,
				044FC58428812A130065FE8A /* Store.swift */,
				044FC58528812A130065FE8A /* Utils.swift */,
				044FC57E288129CF0065FE8A /* Views */,
				044FC579288129C70065FE8A /* Components */,
				044FC574288129BA0065FE8A /* Navigation */,
				044FC56F288129AB0065FE8A /* Models */,
				044FC561288129490065FE8A /* OrangeTestApp_App.swift */,
				044FC5672881294B0065FE8A /* Preview Content */,
			);
			path = "OrangeTestApp\\";
			sourceTree = "<group>";
		};
		044FC5672881294B0065FE8A /* Preview Content */ = {
			isa = PBXGroup;
			children = (
				044FC5682881294B0065FE8A /* Preview Assets.xcassets */,
			);
			path = "Preview Content";
			sourceTree = "<group>";
		};
		044FC56F288129AB0065FE8A /* Models */ = {
			isa = PBXGroup;
			children = (
				044FC570288129AB0065FE8A /* Rocket.swift */,
				044FC571288129AB0065FE8A /* Launch.swift */,
			);
			path = Models;
			sourceTree = "<group>";
		};
		044FC574288129BA0065FE8A /* Navigation */ = {
			isa = PBXGroup;
			children = (
				044FC575288129BA0065FE8A /* AppSidebarNavigation.swift */,
				044FC576288129BA0065FE8A /* ContentView.swift */,
			);
			path = Navigation;
			sourceTree = "<group>";
		};
		044FC579288129C70065FE8A /* Components */ = {
			isa = PBXGroup;
			children = (
				044FC57A288129C70065FE8A /* ClickableDate.swift */,
				044FC57B288129C70065FE8A /* LaunchRow.swift */,
			);
			path = Components;
			sourceTree = "<group>";
		};
		044FC57E288129CF0065FE8A /* Views */ = {
			isa = PBXGroup;
			children = (
				044FC57F288129CF0065FE8A /* LaunchDetailView.swift */,
				044FC580288129CF0065FE8A /* LaunchesView.swift */,
			);
			path = Views;
			sourceTree = "<group>";
		};
/* End PBXGroup section */

/* Begin PBXNativeTarget section */
		044FC55D288129490065FE8A /* OrangeTestApp\ */ = {
			isa = PBXNativeTarget;
			buildConfigurationList = 044FC56C2881294B0065FE8A /* Build configuration list for PBXNativeTarget "OrangeTestApp\" */;
			buildPhases = (
				044FC55A288129490065FE8A /* Sources */,
				044FC55B288129490065FE8A /* Frameworks */,
				044FC55C288129490065FE8A /* Resources */,
			);
			buildRules = (
			);
			dependencies = (
			);
			name = "OrangeTestApp\\";
			packageProductDependencies = (
				044FC59328812B0F0065FE8A /* YouTubePlayerKit */,
				044FC59928812DEF0065FE8A /* Kingfisher */,
			);
			productName = "OrangeTestApp\\";
			productReference = 044FC55E288129490065FE8A /* OrangeTestApp\.app */;
			productType = "com.apple.product-type.application";
		};
/* End PBXNativeTarget section */

/* Begin PBXProject section */
		044FC556288129490065FE8A /* Project object */ = {
			isa = PBXProject;
			attributes = {
				BuildIndependentTargetsInParallel = 1;
				LastSwiftUpdateCheck = 1330;
				LastUpgradeCheck = 1330;
				TargetAttributes = {
					044FC55D288129490065FE8A = {
						CreatedOnToolsVersion = 13.3;
					};
				};
			};
			buildConfigurationList = 044FC559288129490065FE8A /* Build configuration list for PBXProject "OrangeTestApp\" */;
			compatibilityVersion = "Xcode 13.0";
			developmentRegion = en;
			hasScannedForEncodings = 0;
			knownRegions = (
				en,
				Base,
			);
			mainGroup = 044FC555288129490065FE8A;
			packageReferences = (
				044FC58F28812AEE0065FE8A /* XCRemoteSwiftPackageReference "Kingfisher" */,
				044FC59228812B0F0065FE8A /* XCRemoteSwiftPackageReference "YouTubePlayerKit" */,
				044FC59528812D170065FE8A /* XCRemoteSwiftPackageReference "Kingfisher" */,
				044FC59828812DEF0065FE8A /* XCRemoteSwiftPackageReference "Kingfisher" */,
			);
			productRefGroup = 044FC55F288129490065FE8A /* Products */;
			projectDirPath = "";
			projectRoot = "";
			targets = (
				044FC55D288129490065FE8A /* OrangeTestApp\ */,
			);
		};
/* End PBXProject section */

/* Begin PBXResourcesBuildPhase section */
		044FC55C288129490065FE8A /* Resources */ = {
			isa = PBXResourcesBuildPhase;
			buildActionMask = 2147483647;
			files = (
				044FC58D28812A130065FE8A /* Assets.xcassets in Resources */,
				044FC5692881294B0065FE8A /* Preview Assets.xcassets in Resources */,
			);
			runOnlyForDeploymentPostprocessing = 0;
		};
/* End PBXResourcesBuildPhase section */

/* Begin PBXSourcesBuildPhase section */
		044FC55A288129490065FE8A /* Sources */ = {
			isa = PBXSourcesBuildPhase;
			buildActionMask = 2147483647;
			files = (
				044FC572288129AB0065FE8A /* Rocket.swift in Sources */,
				044FC57C288129C70065FE8A /* ClickableDate.swift in Sources */,
				044FC58E28812A130065FE8A /* LaunchesViewModel.swift in Sources */,
				044FC582288129CF0065FE8A /* LaunchesView.swift in Sources */,
				044FC581288129CF0065FE8A /* LaunchDetailView.swift in Sources */,
				044FC58928812A130065FE8A /* API.swift in Sources */,
				044FC578288129BA0065FE8A /* ContentView.swift in Sources */,
				044FC58A28812A130065FE8A /* Store.swift in Sources */,
				044FC573288129AB0065FE8A /* Launch.swift in Sources */,
				044FC57D288129C70065FE8A /* LaunchRow.swift in Sources */,
				044FC577288129BA0065FE8A /* AppSidebarNavigation.swift in Sources */,
				044FC562288129490065FE8A /* OrangeTestApp_App.swift in Sources */,
				044FC58B28812A130065FE8A /* Utils.swift in Sources */,
			);
			runOnlyForDeploymentPostprocessing = 0;
		};
/* End PBXSourcesBuildPhase section */

/* Begin XCBuildConfiguration section */
		044FC56A2881294B0065FE8A /* Debug */ = {
			isa = XCBuildConfiguration;
			buildSettings = {
				ALWAYS_SEARCH_USER_PATHS = NO;
				CLANG_ANALYZER_NONNULL = YES;
				CLANG_ANALYZER_NUMBER_OBJECT_CONVERSION = YES_AGGRESSIVE;
				CLANG_CXX_LANGUAGE_STANDARD = "gnu++17";
				CLANG_ENABLE_MODULES = YES;
				CLANG_ENABLE_OBJC_ARC = YES;
				CLANG_ENABLE_OBJC_WEAK = YES;
				CLANG_WARN_BLOCK_CAPTURE_AUTORELEASING = YES;
				CLANG_WARN_BOOL_CONVERSION = YES;
				CLANG_WARN_COMMA = YES;
				CLANG_WARN_CONSTANT_CONVERSION = YES;
				CLANG_WARN_DEPRECATED_OBJC_IMPLEMENTATIONS = YES;
				CLANG_WARN_DIRECT_OBJC_ISA_USAGE = YES_ERROR;
				CLANG_WARN_DOCUMENTATION_COMMENTS = YES;
				CLANG_WARN_EMPTY_BODY = YES;
				CLANG_WARN_ENUM_CONVERSION = YES;
				CLANG_WARN_INFINITE_RECURSION = YES;
				CLANG_WARN_INT_CONVERSION = YES;
				CLANG_WARN_NON_LITERAL_NULL_CONVERSION = YES;
				CLANG_WARN_OBJC_IMPLICIT_RETAIN_SELF = YES;
				CLANG_WARN_OBJC_LITERAL_CONVERSION = YES;
				CLANG_WARN_OBJC_ROOT_CLASS = YES_ERROR;
				CLANG_WARN_QUOTED_INCLUDE_IN_FRAMEWORK_HEADER = YES;
				CLANG_WARN_RANGE_LOOP_ANALYSIS = YES;
				CLANG_WARN_STRICT_PROTOTYPES = YES;
				CLANG_WARN_SUSPICIOUS_MOVE = YES;
				CLANG_WARN_UNGUARDED_AVAILABILITY = YES_AGGRESSIVE;
				CLANG_WARN_UNREACHABLE_CODE = YES;
				CLANG_WARN__DUPLICATE_METHOD_MATCH = YES;
				COPY_PHASE_STRIP = NO;
				DEBUG_INFORMATION_FORMAT = dwarf;
				ENABLE_STRICT_OBJC_MSGSEND = YES;
				ENABLE_TESTABILITY = YES;
				GCC_C_LANGUAGE_STANDARD = gnu11;
				GCC_DYNAMIC_NO_PIC = NO;
				GCC_NO_COMMON_BLOCKS = YES;
				GCC_OPTIMIZATION_LEVEL = 0;
				GCC_PREPROCESSOR_DEFINITIONS = (
					"DEBUG=1",
					"$(inherited)",
				);
				GCC_WARN_64_TO_32_BIT_CONVERSION = YES;
				GCC_WARN_ABOUT_RETURN_TYPE = YES_ERROR;
				GCC_WARN_UNDECLARED_SELECTOR = YES;
				GCC_WARN_UNINITIALIZED_AUTOS = YES_AGGRESSIVE;
				GCC_WARN_UNUSED_FUNCTION = YES;
				GCC_WARN_UNUSED_VARIABLE = YES;
				IPHONEOS_DEPLOYMENT_TARGET = 15.4;
				MTL_ENABLE_DEBUG_INFO = INCLUDE_SOURCE;
				MTL_FAST_MATH = YES;
				ONLY_ACTIVE_ARCH = YES;
				SDKROOT = iphoneos;
				SWIFT_ACTIVE_COMPILATION_CONDITIONS = DEBUG;
				SWIFT_OPTIMIZATION_LEVEL = "-Onone";
			};
			name = Debug;
		};
		044FC56B2881294B0065FE8A /* Release */ = {
			isa = XCBuildConfiguration;
			buildSettings = {
				ALWAYS_SEARCH_USER_PATHS = NO;
				CLANG_ANALYZER_NONNULL = YES;
				CLANG_ANALYZER_NUMBER_OBJECT_CONVERSION = YES_AGGRESSIVE;
				CLANG_CXX_LANGUAGE_STANDARD = "gnu++17";
				CLANG_ENABLE_MODULES = YES;
				CLANG_ENABLE_OBJC_ARC = YES;
				CLANG_ENABLE_OBJC_WEAK = YES;
				CLANG_WARN_BLOCK_CAPTURE_AUTORELEASING = YES;
				CLANG_WARN_BOOL_CONVERSION = YES;
				CLANG_WARN_COMMA = YES;
				CLANG_WARN_CONSTANT_CONVERSION = YES;
				CLANG_WARN_DEPRECATED_OBJC_IMPLEMENTATIONS = YES;
				CLANG_WARN_DIRECT_OBJC_ISA_USAGE = YES_ERROR;
				CLANG_WARN_DOCUMENTATION_COMMENTS = YES;
				CLANG_WARN_EMPTY_BODY = YES;
				CLANG_WARN_ENUM_CONVERSION = YES;
				CLANG_WARN_INFINITE_RECURSION = YES;
				CLANG_WARN_INT_CONVERSION = YES;
				CLANG_WARN_NON_LITERAL_NULL_CONVERSION = YES;
				CLANG_WARN_OBJC_IMPLICIT_RETAIN_SELF = YES;
				CLANG_WARN_OBJC_LITERAL_CONVERSION = YES;
				CLANG_WARN_OBJC_ROOT_CLASS = YES_ERROR;
				CLANG_WARN_QUOTED_INCLUDE_IN_FRAMEWORK_HEADER = YES;
				CLANG_WARN_RANGE_LOOP_ANALYSIS = YES;
				CLANG_WARN_STRICT_PROTOTYPES = YES;
				CLANG_WARN_SUSPICIOUS_MOVE = YES;
				CLANG_WARN_UNGUARDED_AVAILABILITY = YES_AGGRESSIVE;
				CLANG_WARN_UNREACHABLE_CODE = YES;
				CLANG_WARN__DUPLICATE_METHOD_MATCH = YES;
				COPY_PHASE_STRIP = NO;
				DEBUG_INFORMATION_FORMAT = "dwarf-with-dsym";
				ENABLE_NS_ASSERTIONS = NO;
				ENABLE_STRICT_OBJC_MSGSEND = YES;
				GCC_C_LANGUAGE_STANDARD = gnu11;
				GCC_NO_COMMON_BLOCKS = YES;
				GCC_WARN_64_TO_32_BIT_CONVERSION = YES;
				GCC_WARN_ABOUT_RETURN_TYPE = YES_ERROR;
				GCC_WARN_UNDECLARED_SELECTOR = YES;
				GCC_WARN_UNINITIALIZED_AUTOS = YES_AGGRESSIVE;
				GCC_WARN_UNUSED_FUNCTION = YES;
				GCC_WARN_UNUSED_VARIABLE = YES;
				IPHONEOS_DEPLOYMENT_TARGET = 15.4;
				MTL_ENABLE_DEBUG_INFO = NO;
				MTL_FAST_MATH = YES;
				SDKROOT = iphoneos;
				SWIFT_COMPILATION_MODE = wholemodule;
				SWIFT_OPTIMIZATION_LEVEL = "-O";
				VALIDATE_PRODUCT = YES;
			};
			name = Release;
		};
		044FC56D2881294B0065FE8A /* Debug */ = {
			isa = XCBuildConfiguration;
			buildSettings = {
				ASSETCATALOG_COMPILER_APPICON_NAME = AppIcon;
				ASSETCATALOG_COMPILER_GLOBAL_ACCENT_COLOR_NAME = AccentColor;
				CODE_SIGN_STYLE = Automatic;
				CURRENT_PROJECT_VERSION = 1;
				DEVELOPMENT_ASSET_PATHS = "\"OrangeTestApp\\\\/Preview Content\"";
				ENABLE_PREVIEWS = YES;
				GENERATE_INFOPLIST_FILE = YES;
				INFOPLIST_KEY_UIApplicationSceneManifest_Generation = YES;
				INFOPLIST_KEY_UIApplicationSupportsIndirectInputEvents = YES;
				INFOPLIST_KEY_UILaunchScreen_Generation = YES;
				INFOPLIST_KEY_UISupportedInterfaceOrientations_iPad = "UIInterfaceOrientationPortrait UIInterfaceOrientationPortraitUpsideDown UIInterfaceOrientationLandscapeLeft UIInterfaceOrientationLandscapeRight";
				INFOPLIST_KEY_UISupportedInterfaceOrientations_iPhone = "UIInterfaceOrientationPortrait UIInterfaceOrientationLandscapeLeft UIInterfaceOrientationLandscapeRight";
				LD_RUNPATH_SEARCH_PATHS = (
					"$(inherited)",
					"@executable_path/Frameworks",
				);
				MARKETING_VERSION = 1.0;
				PRODUCT_BUNDLE_IDENTIFIER = "com.OrangeTestApp-";
				PRODUCT_NAME = "$(TARGET_NAME)";
				SWIFT_EMIT_LOC_STRINGS = YES;
				SWIFT_VERSION = 5.0;
				TARGETED_DEVICE_FAMILY = "1,2";
			};
			name = Debug;
		};
		044FC56E2881294B0065FE8A /* Release */ = {
			isa = XCBuildConfiguration;
			buildSettings = {
				ASSETCATALOG_COMPILER_APPICON_NAME = AppIcon;
				ASSETCATALOG_COMPILER_GLOBAL_ACCENT_COLOR_NAME = AccentColor;
				CODE_SIGN_STYLE = Automatic;
				CURRENT_PROJECT_VERSION = 1;
				DEVELOPMENT_ASSET_PATHS = "\"OrangeTestApp\\\\/Preview Content\"";
				ENABLE_PREVIEWS = YES;
				GENERATE_INFOPLIST_FILE = YES;
				INFOPLIST_KEY_UIApplicationSceneManifest_Generation = YES;
				INFOPLIST_KEY_UIApplicationSupportsIndirectInputEvents = YES;
				INFOPLIST_KEY_UILaunchScreen_Generation = YES;
				INFOPLIST_KEY_UISupportedInterfaceOrientations_iPad = "UIInterfaceOrientationPortrait UIInterfaceOrientationPortraitUpsideDown UIInterfaceOrientationLandscapeLeft UIInterfaceOrientationLandscapeRight";
				INFOPLIST_KEY_UISupportedInterfaceOrientations_iPhone = "UIInterfaceOrientationPortrait UIInterfaceOrientationLandscapeLeft UIInterfaceOrientationLandscapeRight";
				LD_RUNPATH_SEARCH_PATHS = (
					"$(inherited)",
					"@executable_path/Frameworks",
				);
				MARKETING_VERSION = 1.0;
				PRODUCT_BUNDLE_IDENTIFIER = "com.OrangeTestApp-";
				PRODUCT_NAME = "$(TARGET_NAME)";
				SWIFT_EMIT_LOC_STRINGS = YES;
				SWIFT_VERSION = 5.0;
				TARGETED_DEVICE_FAMILY = "1,2";
			};
			name = Release;
		};
/* End XCBuildConfiguration section */

/* Begin XCConfigurationList section */
		044FC559288129490065FE8A /* Build configuration list for PBXProject "OrangeTestApp\" */ = {
			isa = XCConfigurationList;
			buildConfigurations = (
				044FC56A2881294B0065FE8A /* Debug */,
				044FC56B2881294B0065FE8A /* Release */,
			);
			defaultConfigurationIsVisible = 0;
			defaultConfigurationName = Release;
		};
		044FC56C2881294B0065FE8A /* Build configuration list for PBXNativeTarget "OrangeTestApp\" */ = {
			isa = XCConfigurationList;
			buildConfigurations = (
				044FC56D2881294B0065FE8A /* Debug */,
				044FC56E2881294B0065FE8A /* Release */,
			);
			defaultConfigurationIsVisible = 0;
			defaultConfigurationName = Release;
		};
/* End XCConfigurationList section */

/* Begin XCRemoteSwiftPackageReference section */
		044FC58F28812AEE0065FE8A /* XCRemoteSwiftPackageReference "Kingfisher" */ = {
			isa = XCRemoteSwiftPackageReference;
			repositoryURL = "https://github.com/onevcat/Kingfisher";
			requirement = {
				branch = master;
				kind = branch;
			};
		};
		044FC59228812B0F0065FE8A /* XCRemoteSwiftPackageReference "YouTubePlayerKit" */ = {
			isa = XCRemoteSwiftPackageReference;
			repositoryURL = "https://github.com/SvenTiigi/YouTubePlayerKit";
			requirement = {
				kind = upToNextMajorVersion;
				minimumVersion = 1.0.0;
			};
		};
		044FC59528812D170065FE8A /* XCRemoteSwiftPackageReference "Kingfisher" */ = {
			isa = XCRemoteSwiftPackageReference;
			repositoryURL = "https://github.com/onevcat/Kingfisher";
			requirement = {
				kind = upToNextMajorVersion;
				minimumVersion = 5.15.3;
			};
		};
		044FC59828812DEF0065FE8A /* XCRemoteSwiftPackageReference "Kingfisher" */ = {
			isa = XCRemoteSwiftPackageReference;
			repositoryURL = "https://github.com/onevcat/Kingfisher";
			requirement = {
				kind = exactVersion;
				version = 5.15.3;
			};
		};
/* End XCRemoteSwiftPackageReference section */

/* Begin XCSwiftPackageProductDependency section */
		044FC59328812B0F0065FE8A /* YouTubePlayerKit */ = {
			isa = XCSwiftPackageProductDependency;
			package = 044FC59228812B0F0065FE8A /* XCRemoteSwiftPackageReference "YouTubePlayerKit" */;
			productName = YouTubePlayerKit;
		};
		044FC59928812DEF0065FE8A /* Kingfisher */ = {
			isa = XCSwiftPackageProductDependency;
			package = 044FC59828812DEF0065FE8A /* XCRemoteSwiftPackageReference "Kingfisher" */;
			productName = Kingfisher;
		};
/* End XCSwiftPackageProductDependency section */
	};
	rootObject = 044FC556288129490065FE8A /* Project object */;
}
